
Microsoft Visual Studio Solution File, Format Version 12.00
# Visual Studio Version 16
VisualStudioVersion = 16.0.30413.136
MinimumVisualStudioVersion = 10.0.40219.1
Project("{9A19103F-16F7-4668-BE54-9A1E7A4F7556}") = "TestApp", "TestApp\TestApp.csproj", "{B7D28484-0255-494D-8583-A72890430A28}"
EndProject
Project("{FAE04EC0-301F-11D3-BF4B-00C04F79EFBC}") = "TestAppTests", "TestAppTests\TestAppTests.csproj", "{BC5F05DE-F21F-4E90-880D-8960B7B599B2}"
EndProject
Global
	GlobalSection(SolutionConfigurationPlatforms) = preSolution
		Debug|Any CPU = Debug|Any CPU
		Release|Any CPU = Release|Any CPU
	EndGlobalSection
	GlobalSection(ProjectConfigurationPlatforms) = postSolution
		{B7D28484-0255-494D-8583-A72890430A28}.Debug|Any CPU.ActiveCfg = Debug|Any CPU
		{B7D28484-0255-494D-8583-A72890430A28}.Debug|Any CPU.Build.0 = Debug|Any CPU
		{B7D28484-0255-494D-8583-A72890430A28}.Release|Any CPU.ActiveCfg = Release|Any CPU
		{B7D28484-0255-494D-8583-A72890430A28}.Release|Any CPU.Build.0 = Release|Any CPU
		{BC5F05DE-F21F-4E90-880D-8960B7B599B2}.Debug|Any CPU.ActiveCfg = Debug|Any CPU
		{BC5F05DE-F21F-4E90-880D-8960B7B599B2}.Debug|Any CPU.Build.0 = Debug|Any CPU
		{BC5F05DE-F21F-4E90-880D-8960B7B599B2}.Release|Any CPU.ActiveCfg = Release|Any CPU
		{BC5F05DE-F21F-4E90-880D-8960B7B599B2}.Release|Any CPU.Build.0 = Release|Any CPU
	EndGlobalSection
	GlobalSection(SolutionProperties) = preSolution
		HideSolutionNode = FALSE
	EndGlobalSection
	GlobalSection(ExtensibilityGlobals) = postSolution
		SolutionGuid = {27822D7D-317D-40B0-8680-AA70DC5D4C96}
	EndGlobalSection
EndGlobal
